PODS:
  - CleanTests (0.1.0)
  - SwiftLint (0.34.0)
  - XML2Swift (0.1.0)

DEPENDENCIES:
  - CleanTests (from `https://github.com/igorkotkovets/pod.swift.clean-tests`)
  - SwiftLint
  - XML2Swift (from `../`)

SPEC REPOS:
  https://github.com/CocoaPods/Specs.git:
    - SwiftLint

EXTERNAL SOURCES:
  CleanTests:
    :git: https://github.com/igorkotkovets/pod.swift.clean-tests
  XML2Swift:
    :path: "../"

CHECKOUT OPTIONS:
  CleanTests:
    :commit: 7d47ac289067993dc304624bb50a8df1aa86f289
    :git: https://github.com/igorkotkovets/pod.swift.clean-tests

SPEC CHECKSUMS:
  CleanTests: e2e362a43f787a346c023b93a3b2471f87481aab
  SwiftLint: 79d48a17c6565dc286c37efb8322c7b450f95c67
  XML2Swift: d55857445275ad2c608d0a289488d212df39fcf0

PODFILE CHECKSUM: 8d301ad714d95384f0ffae162c246e1eb7b71375

COCOAPODS: 1.8.4
