PODS:
  - CleanTests (0.1.0)
  - SwiftLint (0.24.0)
  - XML2Swift (0.1.0)

DEPENDENCIES:
  - CleanTests (from `https://github.com/igorkotkovets/pod.swift.clean-tests`)
  - SwiftLint
  - XML2Swift (from `../`)

EXTERNAL SOURCES:
  CleanTests:
    :git: https://github.com/igorkotkovets/pod.swift.clean-tests
  XML2Swift:
    :path: ../

CHECKOUT OPTIONS:
  CleanTests:
    :commit: 1551d200108c985e2ba840626b8e42502033fafd
    :git: https://github.com/igorkotkovets/pod.swift.clean-tests

SPEC CHECKSUMS:
  CleanTests: e2e362a43f787a346c023b93a3b2471f87481aab
  SwiftLint: a014c92b4664e8b13f380f8640a51bb1733778ba
  XML2Swift: 5ad7046dd5293e570a77518e07c171503ec17b65

PODFILE CHECKSUM: d53238cf48292385c099f7bf135c582fa21b1514

COCOAPODS: 1.3.1
