PODS:
  - CleanTests (0.1.0)
  - SwiftLint (0.25.1)
  - XML2Swift (0.1.0)

DEPENDENCIES:
  - CleanTests (from `https://github.com/igorkotkovets/pod.swift.clean-tests`)
  - SwiftLint
  - XML2Swift (from `../`)

SPEC REPOS:
  https://github.com/cocoapods/specs.git:
    - SwiftLint

EXTERNAL SOURCES:
  CleanTests:
    :git: https://github.com/igorkotkovets/pod.swift.clean-tests
  XML2Swift:
    :path: "../"

CHECKOUT OPTIONS:
  CleanTests:
    :commit: 1551d200108c985e2ba840626b8e42502033fafd
    :git: https://github.com/igorkotkovets/pod.swift.clean-tests

SPEC CHECKSUMS:
  CleanTests: e2e362a43f787a346c023b93a3b2471f87481aab
  SwiftLint: ce933681be10c3266e82576dad676fa815a602e9
  XML2Swift: 35137c442d599e593effaec80d2fe68c1a7c2075

PODFILE CHECKSUM: d53238cf48292385c099f7bf135c582fa21b1514

COCOAPODS: 1.5.3
